<?xml version="1.0" encoding="utf-8"?>
<Project ToolsVersion="4.0" xmlns="http://schemas.microsoft.com/developer/msbuild/2003">
  <ItemGroup>
    <Filter Include="Source Files">
      <UniqueIdentifier>{4FC737F1-C7A5-4376-A066-2A32D752A2FF}</UniqueIdentifier>
      <Extensions>cpp;c;cc;cxx;def;odl;idl;hpj;bat;asm;asmx</Extensions>
    </Filter>
    <Filter Include="Header Files">
      <UniqueIdentifier>{93995380-89BD-4b04-88EB-625FBE52EBFB}</UniqueIdentifier>
      <Extensions>h;hh;hpp;hxx;hm;inl;inc;ipp;xsd</Extensions>
    </Filter>
    <Filter Include="Resource Files">
      <UniqueIdentifier>{67DA6AB6-F800-4c08-8B7A-83BB121AAD01}</UniqueIdentifier>
      <Extensions>rc;ico;cur;bmp;dlg;rc2;rct;bin;rgs;gif;jpg;jpeg;jpe;resx;tiff;tif;png;wav;mfcribbon-ms</Extensions>
    </Filter>
    <Filter Include="shader">
      <UniqueIdentifier>{33b20dfe-5633-4142-8fb6-b39eecdd454f}</UniqueIdentifier>
    </Filter>
    <Filter Include="Source Files\util">
      <UniqueIdentifier>{1af2fb09-ee18-450d-88e9-83bf51f1fd19}</UniqueIdentifier>
    </Filter>
    <Filter Include="Source Files\Chunk">
      <UniqueIdentifier>{54535ac2-0dd6-42f5-a235-95043213f88a}</UniqueIdentifier>
    </Filter>
    <Filter Include="Source Files\Chunk\Mgmt">
      <UniqueIdentifier>{1c5c8809-4984-45fc-8b21-a361f9792db4}</UniqueIdentifier>
    </Filter>
    <Filter Include="Source Files\moodycamelqueue">
      <UniqueIdentifier>{95da5929-be5f-4450-a0c6-616be83e1534}</UniqueIdentifier>
    </Filter>
    <Filter Include="Source Files\Input">
      <UniqueIdentifier>{b0812b5e-7e4c-4062-a176-7380b8672066}</UniqueIdentifier>
    </Filter>
  </ItemGroup>
  <ItemGroup>
    <ClCompile Include="Main.cpp">
      <Filter>Source Files</Filter>
    </ClCompile>
    <ClCompile Include="common\controls.cpp">
      <Filter>Source Files\util</Filter>
    </ClCompile>
    <ClCompile Include="common\objloader.cpp">
      <Filter>Source Files\util</Filter>
    </ClCompile>
    <ClCompile Include="common\quaternion_utils.cpp">
      <Filter>Source Files\util</Filter>
    </ClCompile>
    <ClCompile Include="common\shader.cpp">
      <Filter>Source Files\util</Filter>
    </ClCompile>
    <ClCompile Include="common\tangentspace.cpp">
      <Filter>Source Files\util</Filter>
    </ClCompile>
    <ClCompile Include="common\text2D.cpp">
      <Filter>Source Files\util</Filter>
    </ClCompile>
    <ClCompile Include="common\texture.cpp">
      <Filter>Source Files\util</Filter>
    </ClCompile>
    <ClCompile Include="common\vboindexer.cpp">
      <Filter>Source Files\util</Filter>
    </ClCompile>
    <ClCompile Include="Drawable.cpp">
      <Filter>Source Files</Filter>
    </ClCompile>
    <ClCompile Include="Material.cpp">
      <Filter>Source Files</Filter>
    </ClCompile>
    <ClCompile Include="FlatPow2Array3D.cpp">
      <Filter>Source Files</Filter>
    </ClCompile>
    <ClCompile Include="MathHelper.h">
      <Filter>Source Files</Filter>
    </ClCompile>
    <ClCompile Include="Environment.cpp">
      <Filter>Source Files</Filter>
    </ClCompile>
    <ClCompile Include="DrawableChunk.cpp">
      <Filter>Source Files</Filter>
    </ClCompile>
    <ClCompile Include="Chunk.cpp">
      <Filter>Source Files\Chunk</Filter>
    </ClCompile>
    <ClCompile Include="ChunkBuilder.cpp">
      <Filter>Source Files\Chunk\Mgmt</Filter>
    </ClCompile>
    <ClCompile Include="ChunkVBOManager.cpp">
      <Filter>Source Files</Filter>
    </ClCompile>
    <ClCompile Include="ChunkBuildPool.cpp">
      <Filter>Source Files\Chunk\Mgmt</Filter>
    </ClCompile>
    <ClCompile Include="BuildChunkSelector.cpp">
      <Filter>Source Files</Filter>
    </ClCompile>
    <ClCompile Include="KeyboardDebouncer.cpp">
      <Filter>Source Files\Input</Filter>
    </ClCompile>
    <ClCompile Include="ProximityList.cpp">
      <Filter>Source Files</Filter>
    </ClCompile>
    <ClCompile Include="ChunkProximity.cpp">
      <Filter>Source Files\Chunk\Mgmt</Filter>
    </ClCompile>
    <ClCompile Include="ChunkSet.cpp">
      <Filter>Source Files\Chunk\Mgmt</Filter>
    </ClCompile>
    <ClCompile Include="CamData.cpp">
      <Filter>Source Files</Filter>
    </ClCompile>
    <ClCompile Include="MeshData.cpp">
      <Filter>Source Files</Filter>
    </ClCompile>
    <ClCompile Include="ChunkMesh.cpp">
      <Filter>Source Files</Filter>
    </ClCompile>
    <ClCompile Include="Mesher.cpp">
      <Filter>Source Files</Filter>
    </ClCompile>
  </ItemGroup>
  <ItemGroup>
    <None Include="packages.config" />
    <None Include="shader\TextureFragmentShader.fragmentshader">
      <Filter>shader</Filter>
    </None>
    <None Include="shader\TransformVertexShader.vertexshader">
      <Filter>shader</Filter>
    </None>
  </ItemGroup>
  <ItemGroup>
    <ClInclude Include="resource.h">
      <Filter>Header Files</Filter>
    </ClInclude>
    <ClInclude Include="common\controls.hpp">
      <Filter>Source Files\util</Filter>
    </ClInclude>
    <ClInclude Include="common\objloader.hpp">
      <Filter>Source Files\util</Filter>
    </ClInclude>
    <ClInclude Include="common\quaternion_utils.hpp">
      <Filter>Source Files\util</Filter>
    </ClInclude>
    <ClInclude Include="common\shader.hpp">
      <Filter>Source Files\util</Filter>
    </ClInclude>
    <ClInclude Include="common\tangentspace.hpp">
      <Filter>Source Files\util</Filter>
    </ClInclude>
    <ClInclude Include="common\text2D.hpp">
      <Filter>Source Files\util</Filter>
    </ClInclude>
    <ClInclude Include="common\texture.hpp">
      <Filter>Source Files\util</Filter>
    </ClInclude>
    <ClInclude Include="common\vboindexer.hpp">
      <Filter>Source Files\util</Filter>
    </ClInclude>
    <ClInclude Include="Drawable.h">
      <Filter>Header Files</Filter>
    </ClInclude>
    <ClInclude Include="Material.h">
      <Filter>Header Files</Filter>
    </ClInclude>
    <ClInclude Include="Chunk.h">
      <Filter>Header Files</Filter>
    </ClInclude>
    <ClInclude Include="FlatPow2Array3D.h">
      <Filter>Header Files</Filter>
    </ClInclude>
    <ClInclude Include="WorldConfig.h">
      <Filter>Source Files</Filter>
    </ClInclude>
    <ClInclude Include="Environment.h">
      <Filter>Header Files</Filter>
    </ClInclude>
    <ClInclude Include="ChunkMesh.h">
      <Filter>Header Files</Filter>
    </ClInclude>
    <ClInclude Include="DrawableChunk.h">
      <Filter>Header Files</Filter>
    </ClInclude>
    <ClInclude Include="TriIndicesChunk.h">
      <Filter>Header Files</Filter>
    </ClInclude>
    <ClInclude Include="RubiksContainer.h">
      <Filter>Header Files</Filter>
    </ClInclude>
    <ClInclude Include="ChunkBuilder.h">
      <Filter>Header Files</Filter>
    </ClInclude>
    <ClInclude Include="ChunkSet.h">
      <Filter>Header Files</Filter>
    </ClInclude>
    <ClInclude Include="Cube6.h">
      <Filter>Source Files</Filter>
    </ClInclude>
    <ClInclude Include="RubiksChunk.h">
      <Filter>Source Files</Filter>
    </ClInclude>
    <ClInclude Include="ChunkVBOManager.h">
      <Filter>Header Files</Filter>
    </ClInclude>
    <ClInclude Include="ChunkBuildPool.h">
      <Filter>Source Files</Filter>
    </ClInclude>
    <ClInclude Include="MeshData.h">
      <Filter>Header Files</Filter>
    </ClInclude>
    <ClInclude Include="VMap.h">
      <Filter>Source Files</Filter>
    </ClInclude>
    <ClInclude Include="atomicops.h">
      <Filter>Source Files\moodycamelqueue</Filter>
    </ClInclude>
    <ClInclude Include="readerwriterqueue.h">
      <Filter>Source Files\moodycamelqueue</Filter>
    </ClInclude>
    <ClInclude Include="BecomeActiveObject.h">
      <Filter>Source Files</Filter>
    </ClInclude>
    <ClInclude Include="BuildChunkSelector.h">
      <Filter>Header Files</Filter>
    </ClInclude>
    <ClInclude Include="KeyboardDebouncer.h">
      <Filter>Header Files</Filter>
    </ClInclude>
    <ClInclude Include="ProximityList.h">
      <Filter>Header Files</Filter>
    </ClInclude>
    <ClInclude Include="ChunkProximity.h">
      <Filter>Header Files</Filter>
    </ClInclude>
    <ClInclude Include="CamData.h">
      <Filter>Header Files</Filter>
    </ClInclude>
    <ClInclude Include="Mesher.h">
      <Filter>Header Files</Filter>
    </ClInclude>
    <ClInclude Include="MortonChunk.h">
      <Filter>Header Files</Filter>
    </ClInclude>
  </ItemGroup>
  <ItemGroup>
    <ResourceCompile Include="OGLVoxelEngine.rc">
      <Filter>Resource Files</Filter>
    </ResourceCompile>
  </ItemGroup>
  <ItemGroup>
    <Image Include="shader\uvtemplate.bmp">
      <Filter>shader</Filter>
    </Image>
    <Image Include="shader\uvtemplate.DDS">
      <Filter>shader</Filter>
    </Image>
    <Image Include="shader\uvtemplate.tga">
      <Filter>shader</Filter>
    </Image>
  </ItemGroup>
</Project>